Microsoft Visual Studio Solution File, Format Version 12.00
# Visual Studio Version 17
VisualStudioVersion = 17.5.2.0
MinimumVisualStudioVersion = 10.0.40219.1
Project("{FAE04EC0-301F-11D3-BF4B-00C04F79EFBC}") = "OrganicStore", "OrganicStore.csproj", "{C2C31869-06E6-C518-E6C1-06AC73EAA5B1}"
EndProject
Global
	GlobalSection(SolutionConfigurationPlatforms) = preSolution
		Debug|Any CPU = Debug|Any CPU
		Release|Any CPU = Release|Any CPU
	EndGlobalSection
	GlobalSection(ProjectConfigurationPlatforms) = postSolution
		{C2C31869-06E6-C518-E6C1-06AC73EAA5B1}.Debug|Any CPU.ActiveCfg = Debug|Any CPU
		{C2C31869-06E6-C518-E6C1-06AC73EAA5B1}.Debug|Any CPU.Build.0 = Debug|Any CPU
		{C2C31869-06E6-C518-E6C1-06AC73EAA5B1}.Release|Any CPU.ActiveCfg = Release|Any CPU
		{C2C31869-06E6-C518-E6C1-06AC73EAA5B1}.Release|Any CPU.Build.0 = Release|Any CPU
	EndGlobalSection
	GlobalSection(SolutionProperties) = preSolution
		HideSolutionNode = FALSE
	EndGlobalSection
	GlobalSection(ExtensibilityGlobals) = postSolution
		SolutionGuid = {0ED6F9F8-478F-4976-AB63-383913F4E940}
	EndGlobalSection
EndGlobal
